
Microsoft Visual Studio Solution File, Format Version 12.00
# Visual Studio Version 16
VisualStudioVersion = 16.0.31112.23
MinimumVisualStudioVersion = 10.0.40219.1
Project("{FAE04EC0-301F-11D3-BF4B-00C04F79EFBC}") = "Assignment", "Assignment\Assignment.csproj", "{285DFA52-77EC-4D35-B294-CB2BC3248C90}"
EndProject
Project("{FAE04EC0-301F-11D3-BF4B-00C04F79EFBC}") = "AssignmentTestProject", "AssignmentTestProject\AssignmentTestProject.csproj", "{02FD620F-4027-4791-BDC2-E3B89E9D0774}"
EndProject
Global
	GlobalSection(SolutionConfigurationPlatforms) = preSolution
		Debug|Any CPU = Debug|Any CPU
		Release|Any CPU = Release|Any CPU
	EndGlobalSection
	GlobalSection(ProjectConfigurationPlatforms) = postSolution
		{285DFA52-77EC-4D35-B294-CB2BC3248C90}.Debug|Any CPU.ActiveCfg = Debug|Any CPU
		{285DFA52-77EC-4D35-B294-CB2BC3248C90}.Debug|Any CPU.Build.0 = Debug|Any CPU
		{285DFA52-77EC-4D35-B294-CB2BC3248C90}.Release|Any CPU.ActiveCfg = Release|Any CPU
		{285DFA52-77EC-4D35-B294-CB2BC3248C90}.Release|Any CPU.Build.0 = Release|Any CPU
		{02FD620F-4027-4791-BDC2-E3B89E9D0774}.Debug|Any CPU.ActiveCfg = Debug|Any CPU
		{02FD620F-4027-4791-BDC2-E3B89E9D0774}.Debug|Any CPU.Build.0 = Debug|Any CPU
		{02FD620F-4027-4791-BDC2-E3B89E9D0774}.Release|Any CPU.ActiveCfg = Release|Any CPU
		{02FD620F-4027-4791-BDC2-E3B89E9D0774}.Release|Any CPU.Build.0 = Release|Any CPU
	EndGlobalSection
	GlobalSection(SolutionProperties) = preSolution
		HideSolutionNode = FALSE
	EndGlobalSection
	GlobalSection(ExtensibilityGlobals) = postSolution
		SolutionGuid = {6E136A76-CFBA-4ED6-83A0-784D91AFA2FE}
	EndGlobalSection
EndGlobal
